{
  "nodes": {
    "azure-cli-nixpkgs": {
      "locked": {
        "lastModified": 1722928663,
        "narHash": "sha256-so5hK2Xr2saodQ/edHNUvKYPqtGHiX20rByoQBvF8jo=",
        "owner": "NixOS",
        "repo": "nixpkgs",
        "rev": "92ceff55c9ebc5943853b83287f49fd73a909abd",
        "type": "github"
      },
      "original": {
        "owner": "NixOS",
        "ref": "92ceff55c9ebc5943853b83287f49fd73a909abd",
        "repo": "nixpkgs",
        "type": "github"
      }
    },
    "ffmpeg-nixpkgs": {
      "locked": {
        "lastModified": 1730592291,
        "narHash": "sha256-uZcMNLgK2uPxHpTDeIdmrv6+IvV3lqtUddrGNoMU4Hg=",
        "owner": "NixOS",
        "repo": "nixpkgs",
        "rev": "ea1799ea8c3bb5bcbdc016986288836a04fc6294",
        "type": "github"
      },
      "original": {
        "owner": "NixOS",
        "ref": "ea1799ea8c3bb5bcbdc016986288836a04fc6294",
        "repo": "nixpkgs",
        "type": "github"
      }
    },
    "home-manager": {
      "inputs": {
        "nixpkgs": [
          "nixpkgs"
        ]
      },
      "locked": {
        "lastModified": 1736204492,
        "narHash": "sha256-CoBPRgkUex9Iz6qGSzi/BFVUQjndB0PmME2B6eEyeCs=",
        "owner": "nix-community",
        "repo": "home-manager",
        "rev": "20665c6efa83d71020c8730f26706258ba5c6b2a",
        "type": "github"
      },
      "original": {
        "owner": "nix-community",
        "repo": "home-manager",
        "type": "github"
      }
    },
    "nixpkgs": {
      "locked": {
        "lastModified": 1736012469,
        "narHash": "sha256-/qlNWm/IEVVH7GfgAIyP6EsVZI6zjAx1cV5zNyrs+rI=",
        "owner": "NixOS",
        "repo": "nixpkgs",
        "rev": "8f3e1f807051e32d8c95cd12b9b421623850a34d",
        "type": "github"
      },
      "original": {
        "owner": "NixOS",
        "ref": "nixos-unstable",
        "repo": "nixpkgs",
        "type": "github"
      }
    },
    "root": {
      "inputs": {
        "azure-cli-nixpkgs": "azure-cli-nixpkgs",
        "ffmpeg-nixpkgs": "ffmpeg-nixpkgs",
        "home-manager": "home-manager",
        "nixpkgs": "nixpkgs",
        "systems": "systems",
        "treefmt-nix": "treefmt-nix"
      }
    },
    "systems": {
      "locked": {
        "lastModified": 1681028828,
        "narHash": "sha256-Vy1rq5AaRuLzOxct8nz4T6wlgyUR7zLU309k9mBC768=",
        "owner": "nix-systems",
        "repo": "default",
        "rev": "da67096a3b9bf56a91d16901293e51ba5b49a27e",
        "type": "github"
      },
      "original": {
        "id": "systems",
        "type": "indirect"
      }
    },
    "treefmt-nix": {
      "inputs": {
        "nixpkgs": [
          "nixpkgs"
        ]
      },
      "locked": {
        "lastModified": 1736154270,
        "narHash": "sha256-p2r8xhQZ3TYIEKBoiEhllKWQqWNJNoT9v64Vmg4q8Zw=",
        "owner": "numtide",
        "repo": "treefmt-nix",
        "rev": "13c913f5deb3a5c08bb810efd89dc8cb24dd968b",
        "type": "github"
      },
      "original": {
        "owner": "numtide",
        "repo": "treefmt-nix",
        "type": "github"
      }
    }
  },
  "root": "root",
  "version": 7
}
